
Microsoft Visual Studio Solution File, Format Version 12.00
# Visual Studio Version 16
VisualStudioVersion = 16.0.37327.17
MinimumVisualStudioVersion = 10.0.40219.1
Project("{FAE04EC0-301F-11D3-BF4B-00C04F79EFBC}") = "Fullshell", "Fullshell\Fullshell.csproj", "{975B5BD5-020C-4461-95E9-588864D79BC8}"
EndProject
Global
	GlobalSection(SolutionConfigurationPlatforms) = preSolution
		Debug|Any CPU = Debug|Any CPU
		Release|Any CPU = Release|Any CPU
	EndGlobalSection
	GlobalSection(ProjectConfigurationPlatforms) = postSolution
		{975B5BD5-020C-4461-95E9-588864D79BC8}.Debug|Any CPU.ActiveCfg = Debug|Any CPU
		{975B5BD5-020C-4461-95E9-588864D79BC8}.Debug|Any CPU.Build.0 = Debug|Any CPU
		{975B5BD5-020C-4461-95E9-588864D79BC8}.Release|Any CPU.ActiveCfg = Release|Any CPU
		{975B5BD5-020C-4461-95E9-588864D79BC8}.Release|Any CPU.Build.0 = Release|Any CPU
	EndGlobalSection
	GlobalSection(SolutionProperties) = preSolution
		HideSolutionNode = FALSE
	EndGlobalSection
	GlobalSection(ExtensibilityGlobals) = postSolution
		SolutionGuid = {B02EF468-917F-4DF2-98AB-81DAEBC696EB}
	EndGlobalSection
EndGlobal
